
Microsoft Visual Studio Solution File, Format Version 12.00
# Visual Studio 15
VisualStudioVersion = 15.0.27703.2018
MinimumVisualStudioVersion = 10.0.40219.1
Project("{FAE04EC0-301F-11D3-BF4B-00C04F79EFBC}") = "GesWin", "..\ProjetWingest\PrincipalScreenMDIIoanna\PrincipalScreenMDI\GesWin.csproj", "{C5E6C141-FBCD-4D62-848A-A2360D82AC95}"
EndProject
Project("{FAE04EC0-301F-11D3-BF4B-00C04F79EFBC}") = "WinForm_ABI", "..\ProjetWingest\WinForm_ABI_Nouveau_ClientSvetlana\WinForm_ABI_Nouveau_Client\WinForm_ABI.csproj", "{F9863FD7-75FF-4525-9766-B19A41D04A0C}"
EndProject
Global
	GlobalSection(SolutionConfigurationPlatforms) = preSolution
		Debug|Any CPU = Debug|Any CPU
		Release|Any CPU = Release|Any CPU
	EndGlobalSection
	GlobalSection(ProjectConfigurationPlatforms) = postSolution
		{C5E6C141-FBCD-4D62-848A-A2360D82AC95}.Debug|Any CPU.ActiveCfg = Debug|Any CPU
		{C5E6C141-FBCD-4D62-848A-A2360D82AC95}.Debug|Any CPU.Build.0 = Debug|Any CPU
		{C5E6C141-FBCD-4D62-848A-A2360D82AC95}.Release|Any CPU.ActiveCfg = Release|Any CPU
		{C5E6C141-FBCD-4D62-848A-A2360D82AC95}.Release|Any CPU.Build.0 = Release|Any CPU
		{F9863FD7-75FF-4525-9766-B19A41D04A0C}.Debug|Any CPU.ActiveCfg = Debug|Any CPU
		{F9863FD7-75FF-4525-9766-B19A41D04A0C}.Debug|Any CPU.Build.0 = Debug|Any CPU
		{F9863FD7-75FF-4525-9766-B19A41D04A0C}.Release|Any CPU.ActiveCfg = Release|Any CPU
		{F9863FD7-75FF-4525-9766-B19A41D04A0C}.Release|Any CPU.Build.0 = Release|Any CPU
	EndGlobalSection
	GlobalSection(SolutionProperties) = preSolution
		HideSolutionNode = FALSE
	EndGlobalSection
	GlobalSection(ExtensibilityGlobals) = postSolution
		SolutionGuid = {B7C3008E-60D8-4EAF-8D7E-F0CBE5362AF1}
	EndGlobalSection
EndGlobal
